
Microsoft Visual Studio Solution File, Format Version 12.00
# Visual Studio Version 17
VisualStudioVersion = 17.4.33110.190
MinimumVisualStudioVersion = 10.0.40219.1
Project("{FAE04EC0-301F-11D3-BF4B-00C04F79EFBC}") = "XaeroToJourneyMap", "XaeroToJourneyMap\XaeroToJourneyMap.csproj", "{7E27698A-2E0B-4DC1-ABB2-536672DFA283}"
EndProject
Global
	GlobalSection(SolutionConfigurationPlatforms) = preSolution
		Debug|Any CPU = Debug|Any CPU
		Release|Any CPU = Release|Any CPU
	EndGlobalSection
	GlobalSection(ProjectConfigurationPlatforms) = postSolution
		{7E27698A-2E0B-4DC1-ABB2-536672DFA283}.Debug|Any CPU.ActiveCfg = Debug|Any CPU
		{7E27698A-2E0B-4DC1-ABB2-536672DFA283}.Debug|Any CPU.Build.0 = Debug|Any CPU
		{7E27698A-2E0B-4DC1-ABB2-536672DFA283}.Release|Any CPU.ActiveCfg = Release|Any CPU
		{7E27698A-2E0B-4DC1-ABB2-536672DFA283}.Release|Any CPU.Build.0 = Release|Any CPU
	EndGlobalSection
	GlobalSection(SolutionProperties) = preSolution
		HideSolutionNode = FALSE
	EndGlobalSection
	GlobalSection(ExtensibilityGlobals) = postSolution
		SolutionGuid = {67AA1C0E-F310-4ADC-B16E-6094981088A3}
	EndGlobalSection
EndGlobal
